
Microsoft Visual Studio Solution File, Format Version 12.00
# Visual Studio Version 16
VisualStudioVersion = 16.0.31229.75
MinimumVisualStudioVersion = 10.0.40219.1
Project("{9A19103F-16F7-4668-BE54-9A1E7A4F7556}") = "BAI_1.0_ONTAP_CSHARP1_CRUD", "BAI_1.0_ONTAP_CSHARP1_CRUD\BAI_1.0_ONTAP_CSHARP1_CRUD.csproj", "{2C397184-7C6A-4ED4-8204-7E4F0B34745B}"
EndProject
Project("{9A19103F-16F7-4668-BE54-9A1E7A4F7556}") = "BAI_1.1_ONTAP_CSHARP1_CRUD_NANGCAO", "BAI_1.1_ONTAP_CSHARP1_CRUD_NANGCAO\BAI_1.1_ONTAP_CSHARP1_CRUD_NANGCAO.csproj", "{FFA59EC6-F96F-483B-B4EF-897D3823DE39}"
EndProject
Project("{9A19103F-16F7-4668-BE54-9A1E7A4F7556}") = "BAI_1.2_DELEGATE", "BAI_1.2_DELEGATE\BAI_1.2_DELEGATE.csproj", "{F9D162E4-5691-44EC-964D-12378863E3DF}"
EndProject
Project("{9A19103F-16F7-4668-BE54-9A1E7A4F7556}") = "BAI_1.3_DELEGATE_ACTION_FUNC", "BAI_1.3_DELEGATE_ACTION_FUNC\BAI_1.3_DELEGATE_ACTION_FUNC.csproj", "{451770A4-C2C0-4651-8DB9-1009A93BB3C6}"
EndProject
Project("{9A19103F-16F7-4668-BE54-9A1E7A4F7556}") = "BAI_1.4_DELEGATE_EVENT", "BAI_1.4_DELEGATE_EVENT\BAI_1.4_DELEGATE_EVENT.csproj", "{386B88A4-7D9D-4CC8-9465-7E5552ACA86B}"
EndProject
Project("{9A19103F-16F7-4668-BE54-9A1E7A4F7556}") = "BAI_1.4_DELEGATE_EVENT2", "BAI_1.4_DELEGATE_EVENT2\BAI_1.4_DELEGATE_EVENT2.csproj", "{07FDCE49-CBF3-4A9B-A2AC-B174626465A5}"
EndProject
Project("{9A19103F-16F7-4668-BE54-9A1E7A4F7556}") = "BAI_1.4_DELEGATE_EVENT3", "BAI_1.4_DELEGATE_EVENT3\BAI_1.4_DELEGATE_EVENT3.csproj", "{BAE7AEE3-A6E6-45C1-8959-78B0F7873EC0}"
EndProject
Project("{9A19103F-16F7-4668-BE54-9A1E7A4F7556}") = "BAI_1.5_EXCEPTION", "BAI_1.5_EXCEPTION\BAI_1.5_EXCEPTION.csproj", "{C2AF5ADB-EE36-452B-B4B1-FD368B4DBCBD}"
EndProject
Project("{9A19103F-16F7-4668-BE54-9A1E7A4F7556}") = "BAI_1.6_DINH_NGHIA_EXCEPTION", "BAI_1.6_DINH_NGHIA_EXCEPTION\BAI_1.6_DINH_NGHIA_EXCEPTION.csproj", "{A60055E0-F231-4C60-B694-EA8FF2A4D985}"
EndProject
Project("{9A19103F-16F7-4668-BE54-9A1E7A4F7556}") = "BAI_1.7_DINH_NGHIA_CLASS_EXCEPTION", "BAI_1.7_DINH_NGHIA_CLASS_EXCEPTION\BAI_1.7_DINH_NGHIA_CLASS_EXCEPTION.csproj", "{1F403A8B-97D4-4AA7-BAAF-9B6D87F935B6}"
EndProject
Project("{9A19103F-16F7-4668-BE54-9A1E7A4F7556}") = "BAI_1.8_COLLECTION", "BAI_1.8_COLLECTION\BAI_1.8_COLLECTION.csproj", "{22A34EAD-C560-431E-93BD-2984D3379363}"
EndProject
Project("{9A19103F-16F7-4668-BE54-9A1E7A4F7556}") = "BAI_1.9_GENERIC", "BAI_1.9_GENERIC\BAI_1.9_GENERIC.csproj", "{FE149355-70FA-4692-B6D0-E9752EBCBE2E}"
EndProject
Project("{9A19103F-16F7-4668-BE54-9A1E7A4F7556}") = "BAI_2.1_CLASS_GENERIC", "BAI_2.1_CLASS_GENERIC\BAI_2.1_CLASS_GENERIC.csproj", "{B3C4BE8E-C2E9-40F0-841E-9D68EA6AAA1D}"
EndProject
Project("{9A19103F-16F7-4668-BE54-9A1E7A4F7556}") = "BAI_2.2_GENERIC_COLLECTIONS", "BAI_2.2_GENERIC_COLLECTIONS\BAI_2.2_GENERIC_COLLECTIONS.csproj", "{D19D364D-6D1A-4D3A-B0C0-8259FA6A9E90}"
EndProject
Project("{9A19103F-16F7-4668-BE54-9A1E7A4F7556}") = "BAI_2.3_PARTIAL_CLASS_METHOD", "BAI_2.3_PARTIAL_CLASS_METHOD\BAI_2.3_PARTIAL_CLASS_METHOD.csproj", "{18C2A6F8-B6EA-4830-9903-CE6FB3D289B3}"
EndProject
Project("{9A19103F-16F7-4668-BE54-9A1E7A4F7556}") = "BAI_2.4_IMPLICITLY_VA_DYNAMIC_TYPE", "BAI_2.4_IMPLICITLY_VA_DYNAMIC_TYPE\BAI_2.4_IMPLICITLY_VA_DYNAMIC_TYPE.csproj", "{8F0089B0-0592-4E84-AFEC-7C9CDAD4D7C4}"
EndProject
Project("{9A19103F-16F7-4668-BE54-9A1E7A4F7556}") = "BAI_2.5_NULLABLE_TYPED", "BAI_2.5_NULLABLE_TYPED\BAI_2.5_NULLABLE_TYPED.csproj", "{3E0EB9AC-5D21-4CD5-B9DE-D497FE2D2E78}"
EndProject
Project("{9A19103F-16F7-4668-BE54-9A1E7A4F7556}") = "BAI_2.6_ANONYMOUS_TYPED", "BAI_2.6_ANONYMOUS_TYPED\BAI_2.6_ANONYMOUS_TYPED.csproj", "{EB3413EA-E9A0-42CE-B91D-816D5D1C3A60}"
EndProject
Project("{9A19103F-16F7-4668-BE54-9A1E7A4F7556}") = "BAI_2.7_THAO_TAC_VOI_TAP_TIN_System.IO", "BAI_2.7_THAO_TAC_VOI_TAP_TIN_System.IO\BAI_2.7_THAO_TAC_VOI_TAP_TIN_System.IO.csproj", "{12460BFE-68B4-445E-B031-A7CE9BB20506}"
EndProject
Project("{9A19103F-16F7-4668-BE54-9A1E7A4F7556}") = "BAI_2.8_DocGhiDoiTuong", "BAI_2.8_DocGhiDoiTuong\BAI_2.8_DocGhiDoiTuong.csproj", "{5D4F1AFA-057D-4E87-ABCC-9B524E4E4326}"
EndProject
Project("{9A19103F-16F7-4668-BE54-9A1E7A4F7556}") = "BAI_2.9_BietThucLAMBDA", "BAI_2.9_BietThucLAMBDA\BAI_2.9_BietThucLAMBDA.csproj", "{CC887A52-0423-4474-8DFA-ECEA21D1BE14}"
EndProject
Project("{9A19103F-16F7-4668-BE54-9A1E7A4F7556}") = "BAI_3.0_LINQ", "BAI_3.0_LINQ\BAI_3.0_LINQ.csproj", "{ABDA007F-A81F-4820-A202-E17B76702079}"
EndProject
Project("{9A19103F-16F7-4668-BE54-9A1E7A4F7556}") = "BAI_3.1_LINQ_CacCauLenh", "BAI_3.1_LINQ_CacCauLenh\BAI_3.1_LINQ_CacCauLenh.csproj", "{0826E24F-4E46-4A74-906A-555780A42747}"
EndProject
Global
	GlobalSection(SolutionConfigurationPlatforms) = preSolution
		Debug|Any CPU = Debug|Any CPU
		Release|Any CPU = Release|Any CPU
	EndGlobalSection
	GlobalSection(ProjectConfigurationPlatforms) = postSolution
		{2C397184-7C6A-4ED4-8204-7E4F0B34745B}.Debug|Any CPU.ActiveCfg = Debug|Any CPU
		{2C397184-7C6A-4ED4-8204-7E4F0B34745B}.Debug|Any CPU.Build.0 = Debug|Any CPU
		{2C397184-7C6A-4ED4-8204-7E4F0B34745B}.Release|Any CPU.ActiveCfg = Release|Any CPU
		{2C397184-7C6A-4ED4-8204-7E4F0B34745B}.Release|Any CPU.Build.0 = Release|Any CPU
		{FFA59EC6-F96F-483B-B4EF-897D3823DE39}.Debug|Any CPU.ActiveCfg = Debug|Any CPU
		{FFA59EC6-F96F-483B-B4EF-897D3823DE39}.Debug|Any CPU.Build.0 = Debug|Any CPU
		{FFA59EC6-F96F-483B-B4EF-897D3823DE39}.Release|Any CPU.ActiveCfg = Release|Any CPU
		{FFA59EC6-F96F-483B-B4EF-897D3823DE39}.Release|Any CPU.Build.0 = Release|Any CPU
		{F9D162E4-5691-44EC-964D-12378863E3DF}.Debug|Any CPU.ActiveCfg = Debug|Any CPU
		{F9D162E4-5691-44EC-964D-12378863E3DF}.Debug|Any CPU.Build.0 = Debug|Any CPU
		{F9D162E4-5691-44EC-964D-12378863E3DF}.Release|Any CPU.ActiveCfg = Release|Any CPU
		{F9D162E4-5691-44EC-964D-12378863E3DF}.Release|Any CPU.Build.0 = Release|Any CPU
		{451770A4-C2C0-4651-8DB9-1009A93BB3C6}.Debug|Any CPU.ActiveCfg = Debug|Any CPU
		{451770A4-C2C0-4651-8DB9-1009A93BB3C6}.Debug|Any CPU.Build.0 = Debug|Any CPU
		{451770A4-C2C0-4651-8DB9-1009A93BB3C6}.Release|Any CPU.ActiveCfg = Release|Any CPU
		{451770A4-C2C0-4651-8DB9-1009A93BB3C6}.Release|Any CPU.Build.0 = Release|Any CPU
		{386B88A4-7D9D-4CC8-9465-7E5552ACA86B}.Debug|Any CPU.ActiveCfg = Debug|Any CPU
		{386B88A4-7D9D-4CC8-9465-7E5552ACA86B}.Debug|Any CPU.Build.0 = Debug|Any CPU
		{386B88A4-7D9D-4CC8-9465-7E5552ACA86B}.Release|Any CPU.ActiveCfg = Release|Any CPU
		{386B88A4-7D9D-4CC8-9465-7E5552ACA86B}.Release|Any CPU.Build.0 = Release|Any CPU
		{07FDCE49-CBF3-4A9B-A2AC-B174626465A5}.Debug|Any CPU.ActiveCfg = Debug|Any CPU
		{07FDCE49-CBF3-4A9B-A2AC-B174626465A5}.Debug|Any CPU.Build.0 = Debug|Any CPU
		{07FDCE49-CBF3-4A9B-A2AC-B174626465A5}.Release|Any CPU.ActiveCfg = Release|Any CPU
		{07FDCE49-CBF3-4A9B-A2AC-B174626465A5}.Release|Any CPU.Build.0 = Release|Any CPU
		{BAE7AEE3-A6E6-45C1-8959-78B0F7873EC0}.Debug|Any CPU.ActiveCfg = Debug|Any CPU
		{BAE7AEE3-A6E6-45C1-8959-78B0F7873EC0}.Debug|Any CPU.Build.0 = Debug|Any CPU
		{BAE7AEE3-A6E6-45C1-8959-78B0F7873EC0}.Release|Any CPU.ActiveCfg = Release|Any CPU
		{BAE7AEE3-A6E6-45C1-8959-78B0F7873EC0}.Release|Any CPU.Build.0 = Release|Any CPU
		{C2AF5ADB-EE36-452B-B4B1-FD368B4DBCBD}.Debug|Any CPU.ActiveCfg = Debug|Any CPU
		{C2AF5ADB-EE36-452B-B4B1-FD368B4DBCBD}.Debug|Any CPU.Build.0 = Debug|Any CPU
		{C2AF5ADB-EE36-452B-B4B1-FD368B4DBCBD}.Release|Any CPU.ActiveCfg = Release|Any CPU
		{C2AF5ADB-EE36-452B-B4B1-FD368B4DBCBD}.Release|Any CPU.Build.0 = Release|Any CPU
		{A60055E0-F231-4C60-B694-EA8FF2A4D985}.Debug|Any CPU.ActiveCfg = Debug|Any CPU
		{A60055E0-F231-4C60-B694-EA8FF2A4D985}.Debug|Any CPU.Build.0 = Debug|Any CPU
		{A60055E0-F231-4C60-B694-EA8FF2A4D985}.Release|Any CPU.ActiveCfg = Release|Any CPU
		{A60055E0-F231-4C60-B694-EA8FF2A4D985}.Release|Any CPU.Build.0 = Release|Any CPU
		{1F403A8B-97D4-4AA7-BAAF-9B6D87F935B6}.Debug|Any CPU.ActiveCfg = Debug|Any CPU
		{1F403A8B-97D4-4AA7-BAAF-9B6D87F935B6}.Debug|Any CPU.Build.0 = Debug|Any CPU
		{1F403A8B-97D4-4AA7-BAAF-9B6D87F935B6}.Release|Any CPU.ActiveCfg = Release|Any CPU
		{1F403A8B-97D4-4AA7-BAAF-9B6D87F935B6}.Release|Any CPU.Build.0 = Release|Any CPU
		{22A34EAD-C560-431E-93BD-2984D3379363}.Debug|Any CPU.ActiveCfg = Debug|Any CPU
		{22A34EAD-C560-431E-93BD-2984D3379363}.Debug|Any CPU.Build.0 = Debug|Any CPU
		{22A34EAD-C560-431E-93BD-2984D3379363}.Release|Any CPU.ActiveCfg = Release|Any CPU
		{22A34EAD-C560-431E-93BD-2984D3379363}.Release|Any CPU.Build.0 = Release|Any CPU
		{FE149355-70FA-4692-B6D0-E9752EBCBE2E}.Debug|Any CPU.ActiveCfg = Debug|Any CPU
		{FE149355-70FA-4692-B6D0-E9752EBCBE2E}.Debug|Any CPU.Build.0 = Debug|Any CPU
		{FE149355-70FA-4692-B6D0-E9752EBCBE2E}.Release|Any CPU.ActiveCfg = Release|Any CPU
		{FE149355-70FA-4692-B6D0-E9752EBCBE2E}.Release|Any CPU.Build.0 = Release|Any CPU
		{B3C4BE8E-C2E9-40F0-841E-9D68EA6AAA1D}.Debug|Any CPU.ActiveCfg = Debug|Any CPU
		{B3C4BE8E-C2E9-40F0-841E-9D68EA6AAA1D}.Debug|Any CPU.Build.0 = Debug|Any CPU
		{B3C4BE8E-C2E9-40F0-841E-9D68EA6AAA1D}.Release|Any CPU.ActiveCfg = Release|Any CPU
		{B3C4BE8E-C2E9-40F0-841E-9D68EA6AAA1D}.Release|Any CPU.Build.0 = Release|Any CPU
		{D19D364D-6D1A-4D3A-B0C0-8259FA6A9E90}.Debug|Any CPU.ActiveCfg = Debug|Any CPU
		{D19D364D-6D1A-4D3A-B0C0-8259FA6A9E90}.Debug|Any CPU.Build.0 = Debug|Any CPU
		{D19D364D-6D1A-4D3A-B0C0-8259FA6A9E90}.Release|Any CPU.ActiveCfg = Release|Any CPU
		{D19D364D-6D1A-4D3A-B0C0-8259FA6A9E90}.Release|Any CPU.Build.0 = Release|Any CPU
		{18C2A6F8-B6EA-4830-9903-CE6FB3D289B3}.Debug|Any CPU.ActiveCfg = Debug|Any CPU
		{18C2A6F8-B6EA-4830-9903-CE6FB3D289B3}.Debug|Any CPU.Build.0 = Debug|Any CPU
		{18C2A6F8-B6EA-4830-9903-CE6FB3D289B3}.Release|Any CPU.ActiveCfg = Release|Any CPU
		{18C2A6F8-B6EA-4830-9903-CE6FB3D289B3}.Release|Any CPU.Build.0 = Release|Any CPU
		{8F0089B0-0592-4E84-AFEC-7C9CDAD4D7C4}.Debug|Any CPU.ActiveCfg = Debug|Any CPU
		{8F0089B0-0592-4E84-AFEC-7C9CDAD4D7C4}.Debug|Any CPU.Build.0 = Debug|Any CPU
		{8F0089B0-0592-4E84-AFEC-7C9CDAD4D7C4}.Release|Any CPU.ActiveCfg = Release|Any CPU
		{8F0089B0-0592-4E84-AFEC-7C9CDAD4D7C4}.Release|Any CPU.Build.0 = Release|Any CPU
		{3E0EB9AC-5D21-4CD5-B9DE-D497FE2D2E78}.Debug|Any CPU.ActiveCfg = Debug|Any CPU
		{3E0EB9AC-5D21-4CD5-B9DE-D497FE2D2E78}.Debug|Any CPU.Build.0 = Debug|Any CPU
		{3E0EB9AC-5D21-4CD5-B9DE-D497FE2D2E78}.Release|Any CPU.ActiveCfg = Release|Any CPU
		{3E0EB9AC-5D21-4CD5-B9DE-D497FE2D2E78}.Release|Any CPU.Build.0 = Release|Any CPU
		{EB3413EA-E9A0-42CE-B91D-816D5D1C3A60}.Debug|Any CPU.ActiveCfg = Debug|Any CPU
		{EB3413EA-E9A0-42CE-B91D-816D5D1C3A60}.Debug|Any CPU.Build.0 = Debug|Any CPU
		{EB3413EA-E9A0-42CE-B91D-816D5D1C3A60}.Release|Any CPU.ActiveCfg = Release|Any CPU
		{EB3413EA-E9A0-42CE-B91D-816D5D1C3A60}.Release|Any CPU.Build.0 = Release|Any CPU
		{12460BFE-68B4-445E-B031-A7CE9BB20506}.Debug|Any CPU.ActiveCfg = Debug|Any CPU
		{12460BFE-68B4-445E-B031-A7CE9BB20506}.Debug|Any CPU.Build.0 = Debug|Any CPU
		{12460BFE-68B4-445E-B031-A7CE9BB20506}.Release|Any CPU.ActiveCfg = Release|Any CPU
		{12460BFE-68B4-445E-B031-A7CE9BB20506}.Release|Any CPU.Build.0 = Release|Any CPU
		{5D4F1AFA-057D-4E87-ABCC-9B524E4E4326}.Debug|Any CPU.ActiveCfg = Debug|Any CPU
		{5D4F1AFA-057D-4E87-ABCC-9B524E4E4326}.Debug|Any CPU.Build.0 = Debug|Any CPU
		{5D4F1AFA-057D-4E87-ABCC-9B524E4E4326}.Release|Any CPU.ActiveCfg = Release|Any CPU
		{5D4F1AFA-057D-4E87-ABCC-9B524E4E4326}.Release|Any CPU.Build.0 = Release|Any CPU
		{CC887A52-0423-4474-8DFA-ECEA21D1BE14}.Debug|Any CPU.ActiveCfg = Debug|Any CPU
		{CC887A52-0423-4474-8DFA-ECEA21D1BE14}.Debug|Any CPU.Build.0 = Debug|Any CPU
		{CC887A52-0423-4474-8DFA-ECEA21D1BE14}.Release|Any CPU.ActiveCfg = Release|Any CPU
		{CC887A52-0423-4474-8DFA-ECEA21D1BE14}.Release|Any CPU.Build.0 = Release|Any CPU
		{ABDA007F-A81F-4820-A202-E17B76702079}.Debug|Any CPU.ActiveCfg = Debug|Any CPU
		{ABDA007F-A81F-4820-A202-E17B76702079}.Debug|Any CPU.Build.0 = Debug|Any CPU
		{ABDA007F-A81F-4820-A202-E17B76702079}.Release|Any CPU.ActiveCfg = Release|Any CPU
		{ABDA007F-A81F-4820-A202-E17B76702079}.Release|Any CPU.Build.0 = Release|Any CPU
		{0826E24F-4E46-4A74-906A-555780A42747}.Debug|Any CPU.ActiveCfg = Debug|Any CPU
		{0826E24F-4E46-4A74-906A-555780A42747}.Debug|Any CPU.Build.0 = Debug|Any CPU
		{0826E24F-4E46-4A74-906A-555780A42747}.Release|Any CPU.ActiveCfg = Release|Any CPU
		{0826E24F-4E46-4A74-906A-555780A42747}.Release|Any CPU.Build.0 = Release|Any CPU
	EndGlobalSection
	GlobalSection(SolutionProperties) = preSolution
		HideSolutionNode = FALSE
	EndGlobalSection
	GlobalSection(ExtensibilityGlobals) = postSolution
		SolutionGuid = {BC30E28D-3BE5-4B65-AE85-BA50A904811A}
	EndGlobalSection
EndGlobal
